<Solution>
  <Configurations>
    <Platform Name="Any CPU" />
    <Platform Name="ARM64" />
    <Platform Name="Win32" />
    <Platform Name="x64" />
  </Configurations>
  <Folder Name="/Executable Compiler/">
    <Project Path="Exe/Microsoft.UI.Xaml.Markup.Compiler.Executable.csproj">
      <Build Solution="*|Any CPU" Project="false" />
      <Build Solution="*|ARM64" Project="false" />
      <Build Solution="*|x64" Project="false" />
      <Build Solution="Release|Win32" Project="false" />
    </Project>
    <Project Path="Exe/Microsoft.UI.Xaml.Markup.Compiler.IO/Microsoft.UI.Xaml.Markup.Compiler.IO.csproj" />
    <Project Path="Exe/Microsoft.UI.Xaml.Markup.Compiler.MSBuildInterop/Microsoft.UI.Xaml.Markup.Compiler.MSBuildInterop.csproj" />
  </Folder>
  <Folder Name="/refs/">
    <Project Path="../../tools/runtime/GenXbfDLL/GenXbf.vcxproj">
      <BuildDependency Project="../runtime/xcp/phone/idl/phone.vcxproj" />
      <BuildDependency Project="../runtime/xcp/components/pch/prod/Microsoft.UI.Xaml.Precomp.vcxproj" />
      <BuildDependency Project="../runtime/xcp/core/parser/staticpch/Parser.pch.vcxproj" />
      <BuildDependency Project="../runtime/xcp/dxaml/idl/winrt/controls/Microsoft.ui.xaml.controls.controls.vcxproj" />
      <BuildDependency Project="../runtime/xcp/dxaml/idl/winrt/core/Microsoft.ui.xaml.coretypes.vcxproj" />
      <BuildDependency Project="../runtime/xcp/dxaml/idl/winrt/main/Microsoft.ui.xaml-main.vcxproj" />
      <BuildDependency Project="../runtime/xcp/pal/debug/PALDebug.vcxproj" />
      <Platform Solution="*|Any CPU" Project="Win32" />
      <Build Solution="*|ARM64" Project="false" />
    </Project>
    <Project Path="../controls/idl/Microsoft.UI.Xaml.Controls.idl.vcxproj">
      <BuildDependency Project="../runtime/xcp/dxaml/idl/winrt/controls/Microsoft.ui.xaml.controls.controls.vcxproj" />
      <BuildDependency Project="../runtime/xcp/dxaml/idl/winrt/core/Microsoft.ui.xaml.coretypes.vcxproj" />
      <Platform Solution="*|Any CPU" Project="Win32" />
      <Build Solution="*|ARM64" Project="false" />
    </Project>
    <Project Path="../metadata/MergedWinMD/MergedWinMD.vcxproj">
      <BuildDependency Project="../controls/idl/Microsoft.UI.Xaml.Controls.idl.vcxproj" />
      <BuildDependency Project="../runtime/xcp/phone/idl/phone.vcxproj" />
      <BuildDependency Project="../runtime/xcp/dxaml/idl/com/microsoft.ui.xaml-com.vcxproj" />
      <BuildDependency Project="../runtime/xcp/dxaml/idl/winrt/controls/Microsoft.ui.xaml.controls.controls.vcxproj" />
      <BuildDependency Project="../runtime/xcp/dxaml/idl/winrt/core/Microsoft.ui.xaml.coretypes.vcxproj" />
      <BuildDependency Project="../runtime/xcp/dxaml/idl/winrt/main/Microsoft.ui.xaml-main.vcxproj" />
      <Platform Solution="*|Any CPU" Project="Win32" />
      <Build Solution="*|ARM64" Project="false" />
    </Project>
    <Project Path="../runtime/xcp/phone/idl/phone.vcxproj">
      <Platform Solution="*|Any CPU" Project="Win32" />
      <Build Solution="*|ARM64" Project="false" />
    </Project>
    <Project Path="../runtime/xcp/components/allocation/lib/Microsoft.UI.Xaml.Allocation.vcxproj">
      <BuildType Solution="Release|ARM64" Project="Debug" />
      <Platform Solution="*|Any CPU" Project="Win32" />
      <Build Solution="*|ARM64" Project="false" />
    </Project>
    <Project Path="../runtime/xcp/components/base/lib/Microsoft.UI.Xaml.Base.vcxproj">
      <BuildType Solution="Release|ARM64" Project="Debug" />
      <Platform Solution="*|Any CPU" Project="Win32" />
      <Build Solution="*|ARM64" Project="false" />
    </Project>
    <Project Path="../runtime/xcp/components/colors/lib/Microsoft.UI.Xaml.Colors.vcxproj">
      <BuildType Solution="Release|ARM64" Project="Debug" />
      <Platform Solution="*|Any CPU" Project="Win32" />
      <Build Solution="*|ARM64" Project="false" />
    </Project>
    <Project Path="../runtime/xcp/components/com/lib/Microsoft.UI.Xaml.Com.vcxproj">
      <BuildType Solution="Release|ARM64" Project="Debug" />
      <Platform Solution="*|Any CPU" Project="Win32" />
      <Build Solution="*|ARM64" Project="false" />
    </Project>
    <Project Path="../runtime/xcp/components/criticalsection/lib/Microsoft.UI.Xaml.CriticalSection.vcxproj">
      <BuildType Solution="Release|ARM64" Project="Debug" />
      <Platform Solution="*|Any CPU" Project="Win32" />
      <Build Solution="*|ARM64" Project="false" />
    </Project>
    <Project Path="../runtime/xcp/components/CValue/lib/Microsoft.UI.Xaml.CValue.vcxproj">
      <Platform Solution="*|Any CPU" Project="Win32" />
      <Build Solution="*|ARM64" Project="false" />
    </Project>
    <Project Path="../runtime/xcp/components/deferral/lib/Microsoft.UI.Xaml.Deferral.vcxproj">
      <BuildType Solution="Release|ARM64" Project="Debug" />
      <Platform Solution="*|Any CPU" Project="Win32" />
      <Build Solution="*|ARM64" Project="false" />
    </Project>
    <Project Path="../runtime/xcp/components/dependencyLocator/lib/Microsoft.UI.Xaml.DependencyLocator.vcxproj">
      <BuildType Solution="Release|ARM64" Project="Debug" />
      <Platform Solution="*|Any CPU" Project="Win32" />
      <Build Solution="*|ARM64" Project="false" />
    </Project>
    <Project Path="../runtime/xcp/components/dependencyObject/minlib/Microsoft.UI.Xaml.DependencyObjectMin.vcxproj">
      <BuildType Solution="Release|ARM64" Project="Debug" />
      <Platform Solution="*|Any CPU" Project="Win32" />
      <Build Solution="*|ARM64" Project="false" />
    </Project>
    <Project Path="../runtime/xcp/components/flyweight/lib/Microsoft.UI.Xaml.Flyweight.vcxproj">
      <Platform Solution="*|Any CPU" Project="Win32" />
      <Build Solution="*|ARM64" Project="false" />
    </Project>
    <Project Path="../runtime/xcp/components/legacy/lib/Microsoft.UI.Xaml.Legacy.vcxproj">
      <Platform Solution="*|Any CPU" Project="Win32" />
      <Build Solution="*|ARM64" Project="false" />
    </Project>
    <Project Path="../runtime/xcp/components/math/lib/Microsoft.UI.Xaml.Math.vcxproj">
      <Platform Solution="*|Any CPU" Project="Win32" />
      <Build Solution="*|ARM64" Project="false" />
    </Project>
    <Project Path="../runtime/xcp/components/metadata/dynamicmetadatastorage/Microsoft.UI.Xaml.DynamicMetadataStorage.vcxproj">
      <Platform Solution="*|Any CPU" Project="Win32" />
      <Build Solution="*|ARM64" Project="false" />
    </Project>
    <Project Path="../runtime/xcp/components/metadata/lib/Microsoft.UI.Xaml.Metadata.vcxproj">
      <Platform Solution="*|Any CPU" Project="Win32" />
      <Build Solution="*|ARM64" Project="false" />
    </Project>
    <Project Path="../runtime/xcp/components/namescope/lib/Microsoft.UI.Xaml.NameScope.vcxproj">
      <Platform Solution="*|Any CPU" Project="Win32" />
      <Build Solution="*|ARM64" Project="false" />
    </Project>
    <Project Path="../runtime/xcp/components/OneCoreTransforms/lib/Microsoft.UI.Xaml.OneCoreTransforms.vcxproj">
      <Platform Solution="*|Any CPU" Project="Win32" />
      <Build Solution="*|Any CPU" Project="false" />
    </Project>
    <Project Path="../runtime/xcp/components/pch/prod/Microsoft.UI.Xaml.Precomp.vcxproj">
      <Platform Solution="*|Any CPU" Project="Win32" />
      <Build Solution="*|ARM64" Project="false" />
    </Project>
    <Project Path="../runtime/xcp/components/runtimeEnabledFeatures/lib/Microsoft.UI.Xaml.RuntimeEnabledFeatures.vcxproj">
      <BuildType Solution="Release|ARM64" Project="Debug" />
      <Platform Solution="*|Any CPU" Project="Win32" />
      <Build Solution="*|ARM64" Project="false" />
    </Project>
    <Project Path="../runtime/xcp/components/simple/lib/Microsoft.UI.Xaml.Framework.SimpleProperties.vcxproj">
      <BuildType Solution="Release|ARM64" Project="Debug" />
      <Platform Solution="*|Any CPU" Project="Win32" />
      <Build Solution="*|ARM64" Project="false" />
    </Project>
    <Project Path="../runtime/xcp/components/staticpal/lib/Microsoft.UI.Xaml.StaticPal.vcxproj">
      <Platform Solution="*|Any CPU" Project="Win32" />
      <Build Solution="*|ARM64" Project="false" />
    </Project>
    <Project Path="../runtime/xcp/components/xstring/lib/Microsoft.UI.Xaml.XString.vcxproj">
      <Platform Solution="*|Any CPU" Project="Win32" />
      <Build Solution="*|ARM64" Project="false" />
    </Project>
    <Project Path="../runtime/xcp/core/parser/staticcore/Parser.Core.Static.vcxproj">
      <Platform Solution="*|Any CPU" Project="Win32" />
      <Build Solution="*|ARM64" Project="false" />
    </Project>
    <Project Path="../runtime/xcp/core/parser/staticpch/Parser.pch.vcxproj">
      <BuildDependency Project="../runtime/xcp/dxaml/idl/winrt/merged/private/Microsoft.UI.Xaml.vcxproj" />
      <Platform Solution="*|Any CPU" Project="Win32" />
      <Build Solution="*|ARM64" Project="false" />
    </Project>
    <Project Path="../runtime/xcp/dxaml/idl/com/microsoft.ui.xaml-com.vcxproj">
      <Platform Solution="*|Any CPU" Project="Win32" />
      <Build Solution="*|ARM64" Project="false" />
    </Project>
    <Project Path="../runtime/xcp/dxaml/idl/winrt/controls/Microsoft.ui.xaml.controls.controls.vcxproj">
      <Platform Solution="*|Any CPU" Project="Win32" />
      <Build Solution="*|ARM64" Project="false" />
    </Project>
    <Project Path="../runtime/xcp/dxaml/idl/winrt/core/Microsoft.ui.xaml.coretypes.vcxproj">
      <Platform Solution="*|Any CPU" Project="Win32" />
      <Build Solution="*|ARM64" Project="false" />
    </Project>
    <Project Path="../runtime/xcp/dxaml/idl/winrt/main/Microsoft.ui.xaml-main.vcxproj">
      <Platform Solution="*|Any CPU" Project="Win32" />
      <Build Solution="*|ARM64" Project="false" />
    </Project>
    <Project Path="../runtime/xcp/dxaml/idl/winrt/merged/private/Microsoft.UI.Xaml.vcxproj">
      <BuildDependency Project="../runtime/xcp/dxaml/idl/com/microsoft.ui.xaml-com.vcxproj" />
      <BuildDependency Project="../runtime/xcp/dxaml/idl/winrt/controls/Microsoft.ui.xaml.controls.controls.vcxproj" />
      <BuildDependency Project="../runtime/xcp/dxaml/idl/winrt/core/Microsoft.ui.xaml.coretypes.vcxproj" />
      <BuildDependency Project="../runtime/xcp/dxaml/idl/winrt/main/Microsoft.ui.xaml-main.vcxproj" />
      <Platform Solution="*|Any CPU" Project="Win32" />
      <Build Solution="*|Any CPU" Project="false" />
    </Project>
    <Project Path="../runtime/xcp/pal/debug/PALDebug.vcxproj">
      <BuildType Solution="Release|ARM64" Project="Debug" />
      <Platform Solution="*|Any CPU" Project="Win32" />
      <Build Solution="*|ARM64" Project="false" />
    </Project>
  </Folder>
  <Folder Name="/UnitTests/">
    <Project Path="../../tests/compiler/UnitTests/LibManagedDll/LibManagedDll.csproj">
      <BuildDependency Project="Microsoft.UI.Xaml.Markup.Compiler.csproj" />
      <Platform Solution="*|x64" Project="x64" />
      <Platform Solution="Debug|Win32" Project="x86" />
      <Build Project="false" />
    </Project>
    <Project Path="../../tests/compiler/UnitTests/LibManagedDllSatellite/LibManagedDllSatellite.csproj">
      <BuildDependency Project="Microsoft.UI.Xaml.Markup.Compiler.csproj" />
      <BuildType Solution="Release|ARM64" Project="Debug" />
      <Platform Solution="*|x64" Project="x64" />
      <Platform Solution="Debug|Win32" Project="x86" />
      <Build Project="false" />
    </Project>
    <Project Path="../../tests/compiler/UnitTests/LibManagedWinmd/LibManagedWinmd.csproj">
      <BuildDependency Project="Microsoft.UI.Xaml.Markup.Compiler.csproj" />
      <BuildType Solution="Release|ARM64" Project="Debug" />
      <Platform Solution="*|x64" Project="x64" />
      <Platform Solution="Debug|Win32" Project="x86" />
      <Build Project="false" />
    </Project>
    <Project Path="../../tests/compiler/UnitTests/XamlCompilerUnitTests.csproj">
      <BuildDependency Project="../../tests/compiler/UnitTests/LibManagedDll/LibManagedDll.csproj" />
      <BuildDependency Project="../../tests/compiler/UnitTests/LibManagedDllSatellite/LibManagedDllSatellite.csproj" />
      <BuildDependency Project="../../tests/compiler/UnitTests/LibManagedWinmd/LibManagedWinmd.csproj" />
      <BuildDependency Project="../../tools/runtime/GenXbfDLL/GenXbf.vcxproj" />
      <BuildDependency Project="Microsoft.UI.Xaml.Markup.Compiler.csproj" />
      <BuildType Solution="Release|ARM64" Project="Debug" />
      <Platform Solution="*|Win32" Project="Win32" />
      <Platform Solution="*|x64" Project="x64" />
      <Build Project="false" />
    </Project>
    <Project Path="../../tests/compiler/XamlCompilerProxies/XamlCompilerProxies.csproj">
      <BuildDependency Project="Microsoft.UI.Xaml.Markup.Compiler.csproj" />
      <BuildType Solution="Release|ARM64" Project="Debug" />
      <Build Project="false" />
    </Project>
  </Folder>
  <Project Path="BuildTasks/Antlr4.Runtime/Antlr4.Runtime.shproj" />
  <Project Path="BuildTasks/BindingPath/BindingPath.shproj" />
  <Project Path="BuildTasks/ConditionalNamespace/ConditionalNamespace.shproj" />
  <Project Path="BuildTasks/Core.shproj" />
  <Project Path="BuildTasks/SuccinctCollectionSyntax/SuccinctCollectionSyntax.shproj" />
  <Project Path="BuildTasks/System.Xaml/System.Xaml.shproj" />
  <Project Path="Microsoft.UI.Xaml.Markup.Compiler.Core/Microsoft.UI.Xaml.Markup.Compiler.Core.shproj" />
  <Project Path="Microsoft.UI.Xaml.Markup.Compiler.csproj" />
  <Project Path="Microsoft.UI.Xaml.Markup.Compiler.Parsing/Microsoft.UI.Xaml.Markup.Compiler.Parsing.shproj" />
</Solution>
