<Solution>
  <Configurations>
    <BuildType Name="Debug" />
    <BuildType Name="Debug_test" />
    <BuildType Name="Release" />
    <Platform Name="ARM64" />
    <Platform Name="x64" />
    <Platform Name="x86" />
  </Configurations>
  <Folder Name="/Solution Items/">
    <File Path="../../../eng/controls/build/InnerLoopAreas.props" />
  </Folder>
  <Folder Name="/src-controls/">
    <Project Path="dll/Microsoft.UI.Xaml.Controls.vcxproj">
      <BuildType Solution="Debug_test|*" Project="Debug" />
    </Project>
  </Folder>
  <Folder Name="/src-controls/AnimatedIcon/">
    <Project Path="../../tests/controls/testui/AnimatedIcon/AnimatedIcon_TestUI.shproj" />
    <Project Path="AnimatedIcon/AnimatedIcon.vcxitems" />
  </Folder>
  <Folder Name="/src-controls/AnimatedVisualPlayer/">
    <Project Path="../../tests/controls/interactiontests/AnimatedVisualPlayer/AnimatedVisualPlayer_InteractionTests.shproj" />
    <Project Path="../../tests/controls/testui/AnimatedVisualPlayer/AnimatedVisualPlayer_TestUI.shproj" />
    <Project Path="AnimatedVisualPlayer/AnimatedVisualPlayer.vcxitems" />
  </Folder>
  <Folder Name="/src-controls/AutoSuggestBox/">
    <Project Path="../../tests/controls/testui/AutoSuggestBox/AutoSuggestBox_TestUI.shproj" />
    <Project Path="AutoSuggestBox/AutoSuggestBox.vcxitems" />
  </Folder>
  <Folder Name="/src-controls/Breadcrumb/">
    <Project Path="../../tests/controls/apitests/Breadcrumb/BreadcrumbBar_APITests.shproj" />
    <Project Path="../../tests/controls/interactiontests/Breadcrumb/BreadcrumbBar_InteractionTests.shproj" />
    <Project Path="../../tests/controls/testui/Breadcrumb/BreadcrumbBar_TestUI.shproj" />
    <Project Path="Breadcrumb/Breadcrumb.vcxitems" />
  </Folder>
  <Folder Name="/src-controls/ColorPicker/">
    <Project Path="../../tests/controls/apitests/ColorPicker/ColorPicker_APITests.shproj" />
    <Project Path="../../tests/controls/interactiontests/ColorPicker/ColorPicker_InteractionTests.shproj" />
    <Project Path="../../tests/controls/testui/ColorPicker/ColorPicker_TestUI.shproj" />
    <Project Path="ColorPicker/ColorPicker.vcxitems" />
  </Folder>
  <Folder Name="/src-controls/ComboBox/">
    <Project Path="../../tests/controls/testui/ComboBox/ComboBox_TestUI.shproj" />
    <Project Path="ComboBox/ComboBox.vcxitems" />
  </Folder>
  <Folder Name="/src-controls/CommandBarFlyout/">
    <Project Path="../../tests/controls/apitests/CommandBarFlyout/CommandBarFlyout_APITests.shproj" />
    <Project Path="../../tests/controls/interactiontests/CommandBarFlyout/CommandBarFlyout_InteractionTests.shproj" />
    <Project Path="../../tests/controls/testui/CommandBarFlyout/CommandBarFlyout_TestUI.shproj" />
    <Project Path="CommandBarFlyout/CommandBarFlyout.vcxitems" />
  </Folder>
  <Folder Name="/src-controls/Common/">
    <Project Path="Collections/Collections.vcxitems" />
    <Project Path="Common/Common.vcxitems" />
    <Project Path="CommonManaged/CommonManaged.shproj" />
    <Project Path="ResourceHelper/ResourceHelper.vcxitems" />
    <Project Path="Telemetry/Telemetry.vcxitems" />
    <Project Path="TestHooks/TestHooks.vcxitems" />
  </Folder>
  <Folder Name="/src-controls/CommonStyles/">
    <Project Path="../../tests/controls/apitests/CommonStyles/CommonStyles_APITests.shproj" />
    <Project Path="../../tests/controls/interactiontests/CommonStyles/CommonStyles_InteractionTests.shproj" />
    <Project Path="../../tests/controls/testui/CommonStyles/CommonStyles_TestUI.shproj" />
    <Project Path="CommonStyles/CommonStyles.vcxitems" />
  </Folder>
  <Folder Name="/src-controls/DropDownButton/">
    <Project Path="../../tests/controls/interactiontests/DropDownButton/DropDownButton_InteractionTests.shproj" />
    <Project Path="../../tests/controls/testui/DropDownButton/DropDownButton_TestUI.shproj" />
    <Project Path="DropDownButton/DropDownButton.vcxitems" />
  </Folder>
  <Folder Name="/src-controls/Effects/">
    <Project Path="Effects/Microsoft.UI.Private.Composition.Effects.vcxitems" />
  </Folder>
  <Folder Name="/src-controls/Expander/">
    <Project Path="../../tests/controls/interactiontests/Expander/Expander_InteractionTests.shproj" />
    <Project Path="../../tests/controls/testui/Expander/Expander_TestUI.shproj" />
    <Project Path="Expander/Expander.vcxitems" />
  </Folder>
  <Folder Name="/src-controls/IconSource/">
    <Project Path="../../tests/controls/apitests/IconSource/IconSource_APITests.shproj" />
    <Project Path="IconSource/IconSource.vcxitems" />
  </Folder>
  <Folder Name="/src-controls/ImageIcon/">
    <Project Path="../../tests/controls/apitests/ImageIcon/ImageIcon_APITests.shproj" />
    <Project Path="../../tests/controls/interactiontests/ImageIcon/ImageIcon_InteractionTests.shproj" />
    <Project Path="../../tests/controls/testui/ImageIcon/ImageIcon_TestUI.shproj" />
    <Project Path="ImageIcon/ImageIcon.vcxitems" />
  </Folder>
  <Folder Name="/src-controls/InfoBadge/">
    <Project Path="../../tests/controls/apitests/InfoBadge/InfoBadge_APITests.shproj" />
    <Project Path="../../tests/controls/interactiontests/InfoBadge/InfoBadge_InteractionTests.shproj" />
    <Project Path="../../tests/controls/testui/InfoBadge/InfoBadge_TestUI.shproj" />
    <Project Path="InfoBadge/InfoBadge.vcxitems" />
  </Folder>
  <Folder Name="/src-controls/InfoBar/">
    <Project Path="../../tests/controls/interactiontests/InfoBar/InfoBar_InteractionTests.shproj" />
    <Project Path="../../tests/controls/testui/InfoBar/InfoBar_TestUI.shproj" />
    <Project Path="InfoBar/InfoBar.vcxitems" />
  </Folder>
  <Folder Name="/src-controls/Interactions/" />
  <Folder Name="/src-controls/Interactions/ButtonInteraction/">
    <Project Path="../../tests/controls/apitests/Interactions/ButtonInteraction/ButtonInteraction_APITests.shproj" />
    <Project Path="../../tests/controls/interactiontests/Interactions/ButtonInteraction/ButtonInteraction_InteractionTests.shproj" />
    <Project Path="../../tests/controls/testui/Interactions/ButtonInteraction/ButtonInteraction_TestUI.shproj" />
    <Project Path="Interactions/ButtonInteraction/ButtonInteraction.vcxitems" />
  </Folder>
  <Folder Name="/src-controls/Interactions/SliderInteraction/">
    <Project Path="../../tests/controls/apitests/Interactions/SliderInteraction/SliderInteraction_APITests.shproj" />
    <Project Path="../../tests/controls/interactiontests/Interactions/SliderInteraction/SliderInteraction_InteractionTests.shproj" />
    <Project Path="../../tests/controls/testui/Interactions/SliderInteraction/SliderInteraction_TestUI.shproj" />
    <Project Path="Interactions/SliderInteraction/SliderInteraction.vcxitems" />
  </Folder>
  <Folder Name="/src-controls/ItemsView/">
    <Project Path="../../tests/controls/apitests/ItemsView/ItemsView_APITests.shproj" />
    <Project Path="../../tests/controls/interactiontests/ItemsView/ItemsView_InteractionTests.shproj" />
    <Project Path="../../tests/controls/testui/ItemsView/ItemsView_TestUI.shproj" />
    <Project Path="ItemsView/ItemsView.vcxitems" />
  </Folder>
  <Folder Name="/src-controls/LayoutPanel/">
    <Project Path="../../tests/controls/apitests/LayoutPanel/LayoutPanel_APITests.shproj" />
    <Project Path="LayoutPanel/LayoutPanel.vcxitems" />
  </Folder>
  <Folder Name="/src-controls/Lights/">
    <Project Path="../../tests/controls/apitests/Lights/Lights_ApiTests.shproj" />
    <Project Path="Lights/Lights.vcxitems" />
  </Folder>
  <Folder Name="/src-controls/MapControl/">
    <Project Path="../../tests/controls/apitests/MapControl/MapControl_APITests.shproj" />
    <Project Path="../../tests/controls/interactiontests/MapControl/MapControl_InteractionTests.shproj" />
    <Project Path="../../tests/controls/testui/MapControl/MapControl_TestUI.shproj" />
    <Project Path="MapControl/MapControl.vcxitems" />
  </Folder>
  <Folder Name="/src-controls/Materials/" />
  <Folder Name="/src-controls/Materials/Acrylic/">
    <Project Path="../../tests/controls/apitests/Materials/Acrylic/AcrylicBrush_ApiTests.shproj" />
    <Project Path="../../tests/controls/interactiontests/Materials/Acrylic/AcrylicBrush_InteractionTests.shproj" />
    <Project Path="../../tests/controls/testui/Materials/Acrylic/AcrylicBrush_TestUI.shproj" />
    <Project Path="Materials/Acrylic/AcrylicBrush.vcxitems" />
  </Folder>
  <Folder Name="/src-controls/Materials/Reveal/">
    <Project Path="../../tests/controls/apitests/Materials/Reveal/Reveal_APITests.shproj" />
    <Project Path="../../tests/controls/interactiontests/Materials/Reveal/Reveal_InteractionTests.shproj" />
    <Project Path="../../tests/controls/testui/Materials/Reveal/Reveal_TestUI.shproj" />
    <Project Path="Materials/Reveal/RevealBrush.vcxitems" />
  </Folder>
  <Folder Name="/src-controls/MenuBar/">
    <Project Path="../../tests/controls/interactiontests/MenuBar/MenuBar_InteractionTests.shproj" />
    <Project Path="../../tests/controls/testui/MenuBar/MenuBar_TestUI.shproj" />
    <Project Path="MenuBar/MenuBar.vcxitems" />
  </Folder>
  <Folder Name="/src-controls/MonochromaticOverlayPresenter/">
    <Project Path="../../tests/controls/testui/MonochromaticOverlayPresenter/MonochromaticOverlayPresenter_TestUI.shproj" />
    <Project Path="MonochromaticOverlayPresenter/MonochromaticOverlayPresenter.vcxitems" />
  </Folder>
  <Folder Name="/src-controls/NavigationView/">
    <Project Path="../../tests/controls/apitests/NavigationView/NavigationView_ApiTests.shproj" />
    <Project Path="../../tests/controls/interactiontests/NavigationView/NavigationView_InteractionTests.shproj" />
    <Project Path="../../tests/controls/testui/NavigationView/NavigationView_TestUI.shproj" />
    <Project Path="NavigationView/NavigationView.vcxitems" />
  </Folder>
  <Folder Name="/src-controls/NumberBox/">
    <Project Path="../../tests/controls/apitests/NumberBox/NumberBox_APITests.shproj" />
    <Project Path="../../tests/controls/interactiontests/NumberBox/NumberBox_InteractionTests.shproj" />
    <Project Path="../../tests/controls/testui/NumberBox/NumberBox_TestUI.shproj" />
    <Project Path="NumberBox/NumberBox.vcxitems" />
  </Folder>
  <Folder Name="/src-controls/PagerControl/">
    <Project Path="../../tests/controls/apitests/PagerControl/PagerControl_APITests.shproj" />
    <Project Path="../../tests/controls/interactiontests/PagerControl/PagerControl_InteractionTests.shproj" />
    <Project Path="../../tests/controls/testui/PagerControl/PagerControl_TestUI.shproj" />
    <Project Path="PagerControl/PagerControl.vcxitems" />
  </Folder>
  <Folder Name="/src-controls/ParallaxView/">
    <Project Path="../../tests/controls/apitests/ParallaxView/ParallaxView_APITests.shproj" />
    <Project Path="../../tests/controls/interactiontests/ParallaxView/ParallaxView_InteractionTests.shproj" />
    <Project Path="../../tests/controls/testui/ParallaxView/ParallaxView_TestUI.shproj" />
    <Project Path="ParallaxView/ParallaxView.vcxitems" />
  </Folder>
  <Folder Name="/src-controls/PersonPicture/">
    <Project Path="../../tests/controls/apitests/PersonPicture/PersonPicture_APITests.shproj" />
    <Project Path="../../tests/controls/interactiontests/PersonPicture/PersonPicture_InteractionTests.shproj" />
    <Project Path="../../tests/controls/testui/PersonPicture/PersonPicture_TestUI.shproj" />
    <Project Path="PersonPicture/PersonPicture.vcxitems" />
  </Folder>
  <Folder Name="/src-controls/PipsPager/">
    <Project Path="../../tests/controls/apitests/PipsPager/PipsPager_APITests.shproj" />
    <Project Path="../../tests/controls/interactiontests/PipsPager/PipsPager_InteractionTests.shproj" />
    <Project Path="../../tests/controls/testui/PipsPager/PipsPager_TestUI.shproj" />
    <Project Path="PipsPager/PipsPager.vcxitems" />
  </Folder>
  <Folder Name="/src-controls/ProgressBar/">
    <Project Path="../../tests/controls/interactiontests/ProgressBar/ProgressBar_InteractionTests.shproj" />
    <Project Path="../../tests/controls/testui/ProgressBar/ProgressBar_TestUI.shproj" />
    <Project Path="ProgressBar/ProgressBar.vcxitems" />
  </Folder>
  <Folder Name="/src-controls/ProgressRing/">
    <Project Path="../../tests/controls/apitests/ProgressRing/ProgressRing_APITests.shproj" />
    <Project Path="../../tests/controls/interactiontests/ProgressRing/ProgressRing_InteractionTests.shproj" />
    <Project Path="../../tests/controls/testui/ProgressRing/ProgressRing_TestUI.shproj" />
    <Project Path="ProgressRing/ProgressRing.vcxitems" />
  </Folder>
  <Folder Name="/src-controls/PullToRefresh/">
    <Project Path="../../tests/controls/testui/PullToRefresh/PTR_TestUI.shproj" />
  </Folder>
  <Folder Name="/src-controls/PullToRefresh/PTRTracing/">
    <Project Path="PullToRefresh/PTRTracing/PTRTracing.vcxitems" />
  </Folder>
  <Folder Name="/src-controls/PullToRefresh/RefreshContainer/">
    <Project Path="../../tests/controls/interactiontests/PullToRefresh/RefreshContainer/RefreshContainer_InteractionTests.shproj" />
    <Project Path="../../tests/controls/testui/PullToRefresh/RefreshContainer/RefreshContainer_TestUI.shproj" />
    <Project Path="PullToRefresh/RefreshContainer/RefreshContainer.vcxitems" />
  </Folder>
  <Folder Name="/src-controls/PullToRefresh/RefreshInfoProviderAdapters/">
    <Project Path="../../tests/controls/apitests/PullToRefresh/ScrollViewerIRefreshInfoProviderAdapter/ScrollViewerAdapter_APITests.shproj" />
    <Project Path="../../tests/controls/interactiontests/PullToRefresh/ScrollViewerIRefreshInfoProviderAdapter/ScrollViewerAdapter_InteractionTests.shproj" />
    <Project Path="PullToRefresh/ScrollViewerIRefreshInfoProviderAdapter/ScrollViewerIRefreshInfoProviderAdapter.vcxitems" />
  </Folder>
  <Folder Name="/src-controls/PullToRefresh/RefreshVisualizer/">
    <Project Path="../../tests/controls/apitests/PullToRefresh/RefreshVisualizer/RefreshVisualizer_APITests.shproj" />
    <Project Path="../../tests/controls/testui/PullToRefresh/RefreshVisualizer/RefreshVisualizer_TestUI.shproj" />
    <Project Path="PullToRefresh/RefreshVisualizer/RefreshVisualizer.vcxitems" />
  </Folder>
  <Folder Name="/src-controls/RadialGradientBrush/">
    <Project Path="../../tests/controls/interactiontests/RadialGradientBrush/RadialGradientBrush_InteractionTests.shproj" />
    <Project Path="../../tests/controls/testui/RadialGradientBrush/RadialGradientBrush_TestUI.shproj" />
    <Project Path="RadialGradientBrush/RadialGradientBrush.vcxitems" />
  </Folder>
  <Folder Name="/src-controls/RadioButtons/">
    <Project Path="../../tests/controls/apitests/RadioButtons/RadioButtons_APITests.shproj" />
    <Project Path="../../tests/controls/interactiontests/RadioButtons/RadioButtons_InteractionTests.shproj" />
    <Project Path="../../tests/controls/testui/RadioButtons/RadioButtons_TestUI.shproj" />
    <Project Path="RadioButtons/RadioButtons.vcxitems" />
  </Folder>
  <Folder Name="/src-controls/RadioMenuFlyoutItem/">
    <Project Path="../../tests/controls/interactiontests/RadioMenuFlyoutItem/RadioMenuFlyoutItem_InteractionTests.shproj" />
    <Project Path="../../tests/controls/testui/RadioMenuFlyoutItem/RadioMenuFlyoutItem_TestUI.shproj" />
    <Project Path="RadioMenuFlyoutItem/RadioMenuFlyoutItem.vcxitems" />
  </Folder>
  <Folder Name="/src-controls/RatingControl/">
    <Project Path="../../tests/controls/apitests/RatingControl/RatingControl_APITests.shproj" />
    <Project Path="../../tests/controls/interactiontests/RatingControl/RatingControl_InteractionTests.shproj" />
    <Project Path="../../tests/controls/testui/RatingControl/RatingControl_TestUI.shproj" />
    <Project Path="RatingControl/RatingControl.vcxitems" />
  </Folder>
  <Folder Name="/src-controls/Repeater/">
    <Project Path="../../tests/controls/apitests/Repeater/Repeater_APITests.shproj" />
    <Project Path="../../tests/controls/interactiontests/Repeater/Repeater_InteractionTests.shproj" />
    <Project Path="../../tests/controls/testui/Repeater/Repeater_TestUI.shproj" />
    <Project Path="Repeater/Repeater.vcxitems" />
  </Folder>
  <Folder Name="/src-controls/ScrollPresenter/">
    <Project Path="../../tests/controls/apitests/ScrollPresenter/ScrollPresenter_APITests.shproj" />
    <Project Path="../../tests/controls/interactiontests/ScrollPresenter/ScrollPresenter_InteractionTests.shproj" />
    <Project Path="../../tests/controls/testui/ScrollPresenter/ScrollPresenter_TestUI.shproj" />
    <Project Path="ScrollPresenter/ScrollPresenter.vcxitems" />
  </Folder>
  <Folder Name="/src-controls/ScrollView/">
    <Project Path="../../tests/controls/apitests/ScrollView/ScrollView_APITests.shproj" />
    <Project Path="../../tests/controls/interactiontests/ScrollView/ScrollView_InteractionTests.shproj" />
    <Project Path="../../tests/controls/testui/ScrollView/ScrollView_TestUI.shproj" />
    <Project Path="ScrollView/ScrollView.vcxitems" />
  </Folder>
  <Folder Name="/src-controls/SplitButton/">
    <Project Path="../../tests/controls/apitests/SplitButton/SplitButton_APITests.shproj" />
    <Project Path="../../tests/controls/interactiontests/SplitButton/SplitButton_InteractionTests.shproj" />
    <Project Path="../../tests/controls/testui/SplitButton/SplitButton_TestUI.shproj" />
    <Project Path="SplitButton/SplitButton.vcxitems" />
  </Folder>
  <Folder Name="/src-controls/SwipeControl/">
    <Project Path="../../tests/controls/apitests/SwipeControl/SwipeControl_APITests.shproj" />
    <Project Path="../../tests/controls/interactiontests/SwipeControl/SwipeControl_InteractionTests.shproj" />
    <Project Path="../../tests/controls/testui/SwipeControl/SwipeControl_TestUI.shproj" />
    <Project Path="SwipeControl/SwipeControl.vcxitems" />
  </Folder>
  <Folder Name="/src-controls/TabView/">
    <Project Path="../../tests/controls/apitests/TabView/TabView_APITests.shproj" />
    <Project Path="../../tests/controls/interactiontests/TabView/TabView_InteractionTests.shproj" />
    <Project Path="../../tests/controls/testui/TabView/TabView_TestUI.shproj" />
    <Project Path="TabView/TabView.vcxitems" />
  </Folder>
  <Folder Name="/src-controls/TeachingTip/">
    <Project Path="../../tests/controls/apitests/TeachingTip/TeachingTip_APITests.shproj" />
    <Project Path="../../tests/controls/interactiontests/TeachingTip/TeachingTip_InteractionTests.shproj" />
    <Project Path="../../tests/controls/testui/TeachingTip/TeachingTip_TestUI.shproj" />
    <Project Path="TeachingTip/TeachingTip.vcxitems" />
  </Folder>
  <Folder Name="/src-controls/TreeView/">
    <Project Path="../../tests/controls/apitests/TreeView/TreeView_APITests.shproj" />
    <Project Path="../../tests/controls/interactiontests/TreeView/TreeView_InteractionTests.shproj" />
    <Project Path="../../tests/controls/testui/TreeView/TreeView_TestUI.shproj" />
    <Project Path="TreeView/TreeView.vcxitems" />
  </Folder>
  <Folder Name="/src-controls/TwoPaneView/">
    <Project Path="../../tests/controls/apitests/TwoPaneView/TwoPaneView_APITests.shproj" />
    <Project Path="../../tests/controls/interactiontests/TwoPaneView/TwoPaneView_InteractionTests.shproj" />
    <Project Path="../../tests/controls/testui/TwoPaneView/TwoPaneView_TestUI.shproj" />
    <Project Path="TwoPaneView/TwoPaneView.vcxitems" />
  </Folder>
  <Folder Name="/src-controls/WrapPanel/">
    <Project Path="../../tests/controls/apitests/WrapPanel/WrapPanel_APITests.shproj" />
    <Project Path="WrapPanel/WrapPanel.vcxitems" />
  </Folder>
  <Folder Name="/test/" />
  <Folder Name="/test/MUXControls.Test/">
    <Project Path="../../tests/controls/MUXControls.Test/MUXControls.Test.csproj">
      <BuildType Solution="Debug_test|*" Project="Debug" />
      <Build Solution="*|ARM64" Project="false" />
    </Project>
  </Folder>
  <Folder Name="/test/MUXControlsTestApp/">
    <Project Path="../../tests/controls/apps/MUXControlsTestApp/MUXControlsTestApp.csproj">
      <Platform Solution="*|ARM64" Project="ARM64" />
      <Platform Solution="*|x64" Project="x64" />
      <Platform Solution="*|x86" Project="x86" />
      <Build Solution="*|ARM64" Project="false" />
      <Deploy Solution="*|x64" />
      <Deploy Solution="*|x86" />
    </Project>
  </Folder>
  <Folder Name="/test/MUXTestInfra/">
    <Project Path="../../tests/controls/testinfra/AppTestAutomationHelpers/AppTestAutomationHelpers.vcxproj">
      <BuildType Solution="Debug_test|*" Project="Debug" />
    </Project>
    <Project Path="../../tests/controls/testinfra/MUXTestInfra/MUXTestInfra.csproj">
      <BuildType Solution="Debug_test|*" Project="Debug" />
    </Project>
  </Folder>
  <Project Path="Materials/DesktopAcrylicBackdrop/DesktopAcrylicBackdrop.vcxitems" />
  <Project Path="Materials/MicaBackdrop/MicaBackdrop.vcxitems" />
</Solution>
